{
  "name": "cloudflarebook_workers_hono_planetscale",
  "version": "0.1.0",
  "lockfileVersion": 3,
  "requires": true,
  "packages": {
    "": {
      "name": "cloudflarebook_workers_hono_planetscale",
      "version": "0.1.0",
      "dependencies": {
        "@planetscale/database": "^1.11.0"
      }
    },
    "node_modules/@planetscale/database": {
      "version": "1.13.0",
      "resolved": "https://registry.npmjs.org/@planetscale/database/-/database-1.13.0.tgz",
      "integrity": "sha512-sb9tUoF+Po55o+3PRHZVeH8XzUIABKBKcnq6oBUa+p/2uau/E2EXhnUPXmkC/x7oB6ILBqmqTL6dPP5Dn6d6iA==",
      "engines": {
        "node": ">=16"
      }
    }
  }
}
